
Microsoft Visual Studio Solution File, Format Version 12.00
# Visual Studio Version 17
VisualStudioVersion = 17.0.32014.148
MinimumVisualStudioVersion = 10.0.40219.1
Project("{FAE04EC0-301F-11D3-BF4B-00C04F79EFBC}") = "Химчистка", "Химчистка.csproj", "{BFE371B1-72D6-44D0-B51A-1165273B86CA}"
EndProject
Global
	GlobalSection(SolutionConfigurationPlatforms) = preSolution
		Debug|Any CPU = Debug|Any CPU
		Release|Any CPU = Release|Any CPU
	EndGlobalSection
	GlobalSection(ProjectConfigurationPlatforms) = postSolution
		{BFE371B1-72D6-44D0-B51A-1165273B86CA}.Debug|Any CPU.ActiveCfg = Debug|Any CPU
		{BFE371B1-72D6-44D0-B51A-1165273B86CA}.Debug|Any CPU.Build.0 = Debug|Any CPU
		{BFE371B1-72D6-44D0-B51A-1165273B86CA}.Release|Any CPU.ActiveCfg = Release|Any CPU
		{BFE371B1-72D6-44D0-B51A-1165273B86CA}.Release|Any CPU.Build.0 = Release|Any CPU
	EndGlobalSection
	GlobalSection(SolutionProperties) = preSolution
		HideSolutionNode = FALSE
	EndGlobalSection
	GlobalSection(ExtensibilityGlobals) = postSolution
		SolutionGuid = {C23FA083-33FE-42C5-A822-D9AE03E15FDC}
	EndGlobalSection
EndGlobal
